// !$*UTF8*$!
{
	archiveVersion = 1;
	classes = {
	};
	objectVersion = 77;
	objects = {

/* Begin PBXBuildFile section */
		EC9281092F46A251009C9914 /* WidgetKit.framework in Frameworks */ = {isa = PBXBuildFile; fileRef = EC9281082F46A250009C9914 /* WidgetKit.framework */; };
		EC92810B2F46A251009C9914 /* SwiftUI.framework in Frameworks */ = {isa = PBXBuildFile; fileRef = EC92810A2F46A251009C9914 /* SwiftUI.framework */; };
		EC9281182F46A253009C9914 /* VitasolWidgetsExtension.appex in Embed Foundation Extensions */ = {isa = PBXBuildFile; fileRef = EC9281062F46A250009C9914 /* VitasolWidgetsExtension.appex */; settings = {ATTRIBUTES = (RemoveHeadersOnCopy, ); }; };
/* End PBXBuildFile section */

/* Begin PBXContainerItemProxy section */
		EC9281162F46A253009C9914 /* PBXContainerItemProxy */ = {
			isa = PBXContainerItemProxy;
			containerPortal = EC9280B92F4629F8009C9914 /* Project object */;
			proxyType = 1;
			remoteGlobalIDString = EC9281052F46A250009C9914;
			remoteInfo = VitasolWidgetsExtension;
		};
		ECAF6B122F6CFCAE00D51C92 /* PBXContainerItemProxy */ = {
			isa = PBXContainerItemProxy;
			containerPortal = EC9280B92F4629F8009C9914 /* Project object */;
			proxyType = 1;
			remoteGlobalIDString = EC9280C02F4629F8009C9914;
			remoteInfo = Vitasol;
		};
/* End PBXContainerItemProxy section */

/* Begin PBXCopyFilesBuildPhase section */
		EC92811D2F46A253009C9914 /* Embed Foundation Extensions */ = {
			isa = PBXCopyFilesBuildPhase;
			buildActionMask = 2147483647;
			dstPath = "";
			dstSubfolderSpec = 13;
			files = (
				EC9281182F46A253009C9914 /* VitasolWidgetsExtension.appex in Embed Foundation Extensions */,
			);
			name = "Embed Foundation Extensions";
			runOnlyForDeploymentPostprocessing = 0;
		};
/* End PBXCopyFilesBuildPhase section */

/* Begin PBXFileReference section */
		EC9280C12F4629F8009C9914 /* Vitasol.app */ = {isa = PBXFileReference; explicitFileType = wrapper.application; includeInIndex = 0; path = Vitasol.app; sourceTree = BUILT_PRODUCTS_DIR; };
		EC9281062F46A250009C9914 /* VitasolWidgetsExtension.appex */ = {isa = PBXFileReference; explicitFileType = "wrapper.app-extension"; includeInIndex = 0; path = VitasolWidgetsExtension.appex; sourceTree = BUILT_PRODUCTS_DIR; };
		EC9281082F46A250009C9914 /* WidgetKit.framework */ = {isa = PBXFileReference; lastKnownFileType = wrapper.framework; name = WidgetKit.framework; path = System/Library/Frameworks/WidgetKit.framework; sourceTree = SDKROOT; };
		EC92810A2F46A251009C9914 /* SwiftUI.framework */ = {isa = PBXFileReference; lastKnownFileType = wrapper.framework; name = SwiftUI.framework; path = System/Library/Frameworks/SwiftUI.framework; sourceTree = SDKROOT; };
		ECAF6B0E2F6CFCAE00D51C92 /* VitasolTests.xctest */ = {isa = PBXFileReference; explicitFileType = wrapper.cfbundle; includeInIndex = 0; path = VitasolTests.xctest; sourceTree = BUILT_PRODUCTS_DIR; };
		ECAF6B212F6D058B00D51C92 /* VitasolWidgetsExtension.entitlements */ = {isa = PBXFileReference; lastKnownFileType = text.plist.entitlements; path = VitasolWidgetsExtension.entitlements; sourceTree = "<group>"; };
/* End PBXFileReference section */

/* Begin PBXFileSystemSynchronizedBuildFileExceptionSet section */
		EC9280F82F462DAF009C9914 /* Exceptions for "Vitasol" folder in "Vitasol" target */ = {
			isa = PBXFileSystemSynchronizedBuildFileExceptionSet;
			membershipExceptions = (
				Info.plist,
			);
			target = EC9280C02F4629F8009C9914 /* Vitasol */;
		};
		EC92811C2F46A253009C9914 /* Exceptions for "VitasolWidgets" folder in "VitasolWidgetsExtension" target */ = {
			isa = PBXFileSystemSynchronizedBuildFileExceptionSet;
			membershipExceptions = (
				Info.plist,
			);
			target = EC9281052F46A250009C9914 /* VitasolWidgetsExtension */;
		};
		EC9281212F46A4C1009C9914 /* Exceptions for "Vitasol" folder in "VitasolWidgetsExtension" target */ = {
			isa = PBXFileSystemSynchronizedBuildFileExceptionSet;
			membershipExceptions = (
				Gestores/SesionSolarActividad.swift,
			);
			target = EC9281052F46A250009C9914 /* VitasolWidgetsExtension */;
		};
/* End PBXFileSystemSynchronizedBuildFileExceptionSet section */

/* Begin PBXFileSystemSynchronizedRootGroup section */
		EC9280C32F4629F8009C9914 /* Vitasol */ = {
			isa = PBXFileSystemSynchronizedRootGroup;
			exceptions = (
				EC9280F82F462DAF009C9914 /* Exceptions for "Vitasol" folder in "Vitasol" target */,
				EC9281212F46A4C1009C9914 /* Exceptions for "Vitasol" folder in "VitasolWidgetsExtension" target */,
			);
			path = Vitasol;
			sourceTree = "<group>";
		};
		EC92810C2F46A251009C9914 /* VitasolWidgets */ = {
			isa = PBXFileSystemSynchronizedRootGroup;
			exceptions = (
				EC92811C2F46A253009C9914 /* Exceptions for "VitasolWidgets" folder in "VitasolWidgetsExtension" target */,
			);
			path = VitasolWidgets;
			sourceTree = "<group>";
		};
		ECAF6B0F2F6CFCAE00D51C92 /* VitasolTests */ = {
			isa = PBXFileSystemSynchronizedRootGroup;
			path = VitasolTests;
			sourceTree = "<group>";
		};
/* End PBXFileSystemSynchronizedRootGroup section */

/* Begin PBXFrameworksBuildPhase section */
		EC9280BE2F4629F8009C9914 /* Frameworks */ = {
			isa = PBXFrameworksBuildPhase;
			buildActionMask = 2147483647;
			files = (
			);
			runOnlyForDeploymentPostprocessing = 0;
		};
		EC9281032F46A250009C9914 /* Frameworks */ = {
			isa = PBXFrameworksBuildPhase;
			buildActionMask = 2147483647;
			files = (
				EC92810B2F46A251009C9914 /* SwiftUI.framework in Frameworks */,
				EC9281092F46A251009C9914 /* WidgetKit.framework in Frameworks */,
			);
			runOnlyForDeploymentPostprocessing = 0;
		};
		ECAF6B0B2F6CFCAE00D51C92 /* Frameworks */ = {
			isa = PBXFrameworksBuildPhase;
			buildActionMask = 2147483647;
			files = (
			);
			runOnlyForDeploymentPostprocessing = 0;
		};
/* End PBXFrameworksBuildPhase section */

/* Begin PBXGroup section */
		EC9280B82F4629F8009C9914 = {
			isa = PBXGroup;
			children = (
				ECAF6B212F6D058B00D51C92 /* VitasolWidgetsExtension.entitlements */,
				EC9280C32F4629F8009C9914 /* Vitasol */,
				EC92810C2F46A251009C9914 /* VitasolWidgets */,
				ECAF6B0F2F6CFCAE00D51C92 /* VitasolTests */,
				EC9281072F46A250009C9914 /* Frameworks */,
				EC9280C22F4629F8009C9914 /* Products */,
			);
			sourceTree = "<group>";
		};
		EC9280C22F4629F8009C9914 /* Products */ = {
			isa = PBXGroup;
			children = (
				EC9280C12F4629F8009C9914 /* Vitasol.app */,
				EC9281062F46A250009C9914 /* VitasolWidgetsExtension.appex */,
				ECAF6B0E2F6CFCAE00D51C92 /* VitasolTests.xctest */,
			);
			name = Products;
			sourceTree = "<group>";
		};
		EC9281072F46A250009C9914 /* Frameworks */ = {
			isa = PBXGroup;
			children = (
				EC9281082F46A250009C9914 /* WidgetKit.framework */,
				EC92810A2F46A251009C9914 /* SwiftUI.framework */,
			);
			name = Frameworks;
			sourceTree = "<group>";
		};
/* End PBXGroup section */

/* Begin PBXNativeTarget section */
		EC9280C02F4629F8009C9914 /* Vitasol */ = {
			isa = PBXNativeTarget;
			buildConfigurationList = EC9280CC2F4629FB009C9914 /* Build configuration list for PBXNativeTarget "Vitasol" */;
			buildPhases = (
				EC9280BD2F4629F8009C9914 /* Sources */,
				EC9280BE2F4629F8009C9914 /* Frameworks */,
				EC9280BF2F4629F8009C9914 /* Resources */,
				EC92811D2F46A253009C9914 /* Embed Foundation Extensions */,
			);
			buildRules = (
			);
			dependencies = (
				EC9281172F46A253009C9914 /* PBXTargetDependency */,
			);
			fileSystemSynchronizedGroups = (
				EC9280C32F4629F8009C9914 /* Vitasol */,
			);
			name = Vitasol;
			packageProductDependencies = (
			);
			productName = Vitasol;
			productReference = EC9280C12F4629F8009C9914 /* Vitasol.app */;
			productType = "com.apple.product-type.application";
		};
		EC9281052F46A250009C9914 /* VitasolWidgetsExtension */ = {
			isa = PBXNativeTarget;
			buildConfigurationList = EC9281192F46A253009C9914 /* Build configuration list for PBXNativeTarget "VitasolWidgetsExtension" */;
			buildPhases = (
				EC9281022F46A250009C9914 /* Sources */,
				EC9281032F46A250009C9914 /* Frameworks */,
				EC9281042F46A250009C9914 /* Resources */,
			);
			buildRules = (
			);
			dependencies = (
			);
			fileSystemSynchronizedGroups = (
				EC92810C2F46A251009C9914 /* VitasolWidgets */,
			);
			name = VitasolWidgetsExtension;
			packageProductDependencies = (
			);
			productName = VitasolWidgetsExtension;
			productReference = EC9281062F46A250009C9914 /* VitasolWidgetsExtension.appex */;
			productType = "com.apple.product-type.app-extension";
		};
		ECAF6B0D2F6CFCAE00D51C92 /* VitasolTests */ = {
			isa = PBXNativeTarget;
			buildConfigurationList = ECAF6B162F6CFCAE00D51C92 /* Build configuration list for PBXNativeTarget "VitasolTests" */;
			buildPhases = (
				ECAF6B0A2F6CFCAE00D51C92 /* Sources */,
				ECAF6B0B2F6CFCAE00D51C92 /* Frameworks */,
				ECAF6B0C2F6CFCAE00D51C92 /* Resources */,
			);
			buildRules = (
			);
			dependencies = (
				ECAF6B132F6CFCAE00D51C92 /* PBXTargetDependency */,
			);
			fileSystemSynchronizedGroups = (
				ECAF6B0F2F6CFCAE00D51C92 /* VitasolTests */,
			);
			name = VitasolTests;
			packageProductDependencies = (
			);
			productName = VitasolTests;
			productReference = ECAF6B0E2F6CFCAE00D51C92 /* VitasolTests.xctest */;
			productType = "com.apple.product-type.bundle.unit-test";
		};
/* End PBXNativeTarget section */

/* Begin PBXProject section */
		EC9280B92F4629F8009C9914 /* Project object */ = {
			isa = PBXProject;
			attributes = {
				BuildIndependentTargetsInParallel = 1;
				LastSwiftUpdateCheck = 2630;
				LastUpgradeCheck = 2630;
				TargetAttributes = {
					EC9280C02F4629F8009C9914 = {
						CreatedOnToolsVersion = 26.2;
					};
					EC9281052F46A250009C9914 = {
						CreatedOnToolsVersion = 26.2;
					};
					ECAF6B0D2F6CFCAE00D51C92 = {
						CreatedOnToolsVersion = 26.3;
						TestTargetID = EC9280C02F4629F8009C9914;
					};
				};
			};
			buildConfigurationList = EC9280BC2F4629F8009C9914 /* Build configuration list for PBXProject "Vitasol" */;
			developmentRegion = "es-419";
			hasScannedForEncodings = 0;
			knownRegions = (
				en,
				"es-419",
				es,
				Base,
			);
			mainGroup = EC9280B82F4629F8009C9914;
			minimizedProjectReferenceProxies = 1;
			preferredProjectObjectVersion = 77;
			productRefGroup = EC9280C22F4629F8009C9914 /* Products */;
			projectDirPath = "";
			projectRoot = "";
			targets = (
				EC9280C02F4629F8009C9914 /* Vitasol */,
				EC9281052F46A250009C9914 /* VitasolWidgetsExtension */,
				ECAF6B0D2F6CFCAE00D51C92 /* VitasolTests */,
			);
		};
/* End PBXProject section */

/* Begin PBXResourcesBuildPhase section */
		EC9280BF2F4629F8009C9914 /* Resources */ = {
			isa = PBXResourcesBuildPhase;
			buildActionMask = 2147483647;
			files = (
			);
			runOnlyForDeploymentPostprocessing = 0;
		};
		EC9281042F46A250009C9914 /* Resources */ = {
			isa = PBXResourcesBuildPhase;
			buildActionMask = 2147483647;
			files = (
			);
			runOnlyForDeploymentPostprocessing = 0;
		};
		ECAF6B0C2F6CFCAE00D51C92 /* Resources */ = {
			isa = PBXResourcesBuildPhase;
			buildActionMask = 2147483647;
			files = (
			);
			runOnlyForDeploymentPostprocessing = 0;
		};
/* End PBXResourcesBuildPhase section */

/* Begin PBXSourcesBuildPhase section */
		EC9280BD2F4629F8009C9914 /* Sources */ = {
			isa = PBXSourcesBuildPhase;
			buildActionMask = 2147483647;
			files = (
			);
			runOnlyForDeploymentPostprocessing = 0;
		};
		EC9281022F46A250009C9914 /* Sources */ = {
			isa = PBXSourcesBuildPhase;
			buildActionMask = 2147483647;
			files = (
			);
			runOnlyForDeploymentPostprocessing = 0;
		};
		ECAF6B0A2F6CFCAE00D51C92 /* Sources */ = {
			isa = PBXSourcesBuildPhase;
			buildActionMask = 2147483647;
			files = (
			);
			runOnlyForDeploymentPostprocessing = 0;
		};
/* End PBXSourcesBuildPhase section */

/* Begin PBXTargetDependency section */
		EC9281172F46A253009C9914 /* PBXTargetDependency */ = {
			isa = PBXTargetDependency;
			target = EC9281052F46A250009C9914 /* VitasolWidgetsExtension */;
			targetProxy = EC9281162F46A253009C9914 /* PBXContainerItemProxy */;
		};
		ECAF6B132F6CFCAE00D51C92 /* PBXTargetDependency */ = {
			isa = PBXTargetDependency;
			target = EC9280C02F4629F8009C9914 /* Vitasol */;
			targetProxy = ECAF6B122F6CFCAE00D51C92 /* PBXContainerItemProxy */;
		};
/* End PBXTargetDependency section */

/* Begin XCBuildConfiguration section */
		EC9280CA2F4629FB009C9914 /* Debug */ = {
			isa = XCBuildConfiguration;
			buildSettings = {
				ALWAYS_SEARCH_USER_PATHS = NO;
				ASSETCATALOG_COMPILER_GENERATE_SWIFT_ASSET_SYMBOL_EXTENSIONS = YES;
				CLANG_ANALYZER_LOCALIZABILITY_NONLOCALIZED = YES;
				CLANG_ANALYZER_NONNULL = YES;
				CLANG_ANALYZER_NUMBER_OBJECT_CONVERSION = YES_AGGRESSIVE;
				CLANG_CXX_LANGUAGE_STANDARD = "gnu++20";
				CLANG_ENABLE_MODULES = YES;
				CLANG_ENABLE_OBJC_ARC = YES;
				CLANG_ENABLE_OBJC_WEAK = YES;
				CLANG_WARN_BLOCK_CAPTURE_AUTORELEASING = YES;
				CLANG_WARN_BOOL_CONVERSION = YES;
				CLANG_WARN_COMMA = YES;
				CLANG_WARN_CONSTANT_CONVERSION = YES;
				CLANG_WARN_DEPRECATED_OBJC_IMPLEMENTATIONS = YES;
				CLANG_WARN_DIRECT_OBJC_ISA_USAGE = YES_ERROR;
				CLANG_WARN_DOCUMENTATION_COMMENTS = YES;
				CLANG_WARN_EMPTY_BODY = YES;
				CLANG_WARN_ENUM_CONVERSION = YES;
				CLANG_WARN_INFINITE_RECURSION = YES;
				CLANG_WARN_INT_CONVERSION = YES;
				CLANG_WARN_NON_LITERAL_NULL_CONVERSION = YES;
				CLANG_WARN_OBJC_IMPLICIT_RETAIN_SELF = YES;
				CLANG_WARN_OBJC_LITERAL_CONVERSION = YES;
				CLANG_WARN_OBJC_ROOT_CLASS = YES_ERROR;
				CLANG_WARN_QUOTED_INCLUDE_IN_FRAMEWORK_HEADER = YES;
				CLANG_WARN_RANGE_LOOP_ANALYSIS = YES;
				CLANG_WARN_STRICT_PROTOTYPES = YES;
				CLANG_WARN_SUSPICIOUS_MOVE = YES;
				CLANG_WARN_UNGUARDED_AVAILABILITY = YES_AGGRESSIVE;
				CLANG_WARN_UNREACHABLE_CODE = YES;
				CLANG_WARN__DUPLICATE_METHOD_MATCH = YES;
				COPY_PHASE_STRIP = NO;
				DEBUG_INFORMATION_FORMAT = dwarf;
				ENABLE_STRICT_OBJC_MSGSEND = YES;
				ENABLE_TESTABILITY = YES;
				ENABLE_USER_SCRIPT_SANDBOXING = YES;
				GCC_C_LANGUAGE_STANDARD = gnu17;
				GCC_DYNAMIC_NO_PIC = NO;
				GCC_NO_COMMON_BLOCKS = YES;
				GCC_OPTIMIZATION_LEVEL = 0;
				GCC_PREPROCESSOR_DEFINITIONS = (
					"DEBUG=1",
					"$(inherited)",
				);
				GCC_WARN_64_TO_32_BIT_CONVERSION = YES;
				GCC_WARN_ABOUT_RETURN_TYPE = YES_ERROR;
				GCC_WARN_UNDECLARED_SELECTOR = YES;
				GCC_WARN_UNINITIALIZED_AUTOS = YES_AGGRESSIVE;
				GCC_WARN_UNUSED_FUNCTION = YES;
				GCC_WARN_UNUSED_VARIABLE = YES;
				IPHONEOS_DEPLOYMENT_TARGET = 26.2;
				LOCALIZATION_PREFERS_STRING_CATALOGS = YES;
				MTL_ENABLE_DEBUG_INFO = INCLUDE_SOURCE;
				MTL_FAST_MATH = YES;
				ONLY_ACTIVE_ARCH = YES;
				SDKROOT = iphoneos;
				STRING_CATALOG_GENERATE_SYMBOLS = YES;
				SWIFT_ACTIVE_COMPILATION_CONDITIONS = "DEBUG $(inherited)";
				SWIFT_OPTIMIZATION_LEVEL = "-Onone";
			};
			name = Debug;
		};
		EC9280CB2F4629FB009C9914 /* Release */ = {
			isa = XCBuildConfiguration;
			buildSettings = {
				ALWAYS_SEARCH_USER_PATHS = NO;
				ASSETCATALOG_COMPILER_GENERATE_SWIFT_ASSET_SYMBOL_EXTENSIONS = YES;
				CLANG_ANALYZER_LOCALIZABILITY_NONLOCALIZED = YES;
				CLANG_ANALYZER_NONNULL = YES;
				CLANG_ANALYZER_NUMBER_OBJECT_CONVERSION = YES_AGGRESSIVE;
				CLANG_CXX_LANGUAGE_STANDARD = "gnu++20";
				CLANG_ENABLE_MODULES = YES;
				CLANG_ENABLE_OBJC_ARC = YES;
				CLANG_ENABLE_OBJC_WEAK = YES;
				CLANG_WARN_BLOCK_CAPTURE_AUTORELEASING = YES;
				CLANG_WARN_BOOL_CONVERSION = YES;
				CLANG_WARN_COMMA = YES;
				CLANG_WARN_CONSTANT_CONVERSION = YES;
				CLANG_WARN_DEPRECATED_OBJC_IMPLEMENTATIONS = YES;
				CLANG_WARN_DIRECT_OBJC_ISA_USAGE = YES_ERROR;
				CLANG_WARN_DOCUMENTATION_COMMENTS = YES;
				CLANG_WARN_EMPTY_BODY = YES;
				CLANG_WARN_ENUM_CONVERSION = YES;
				CLANG_WARN_INFINITE_RECURSION = YES;
				CLANG_WARN_INT_CONVERSION = YES;
				CLANG_WARN_NON_LITERAL_NULL_CONVERSION = YES;
				CLANG_WARN_OBJC_IMPLICIT_RETAIN_SELF = YES;
				CLANG_WARN_OBJC_LITERAL_CONVERSION = YES;
				CLANG_WARN_OBJC_ROOT_CLASS = YES_ERROR;
				CLANG_WARN_QUOTED_INCLUDE_IN_FRAMEWORK_HEADER = YES;
				CLANG_WARN_RANGE_LOOP_ANALYSIS = YES;
				CLANG_WARN_STRICT_PROTOTYPES = YES;
				CLANG_WARN_SUSPICIOUS_MOVE = YES;
				CLANG_WARN_UNGUARDED_AVAILABILITY = YES_AGGRESSIVE;
				CLANG_WARN_UNREACHABLE_CODE = YES;
				CLANG_WARN__DUPLICATE_METHOD_MATCH = YES;
				COPY_PHASE_STRIP = NO;
				DEBUG_INFORMATION_FORMAT = "dwarf-with-dsym";
				ENABLE_NS_ASSERTIONS = NO;
				ENABLE_STRICT_OBJC_MSGSEND = YES;
				ENABLE_USER_SCRIPT_SANDBOXING = YES;
				GCC_C_LANGUAGE_STANDARD = gnu17;
				GCC_NO_COMMON_BLOCKS = YES;
				GCC_WARN_64_TO_32_BIT_CONVERSION = YES;
				GCC_WARN_ABOUT_RETURN_TYPE = YES_ERROR;
				GCC_WARN_UNDECLARED_SELECTOR = YES;
				GCC_WARN_UNINITIALIZED_AUTOS = YES_AGGRESSIVE;
				GCC_WARN_UNUSED_FUNCTION = YES;
				GCC_WARN_UNUSED_VARIABLE = YES;
				IPHONEOS_DEPLOYMENT_TARGET = 26.2;
				LOCALIZATION_PREFERS_STRING_CATALOGS = YES;
				MTL_ENABLE_DEBUG_INFO = NO;
				MTL_FAST_MATH = YES;
				SDKROOT = iphoneos;
				STRING_CATALOG_GENERATE_SYMBOLS = YES;
				SWIFT_COMPILATION_MODE = wholemodule;
				VALIDATE_PRODUCT = YES;
			};
			name = Release;
		};
		EC9280CD2F4629FB009C9914 /* Debug */ = {
			isa = XCBuildConfiguration;
			buildSettings = {
				ASSETCATALOG_COMPILER_APPICON_NAME = AppIcon;
				ASSETCATALOG_COMPILER_GLOBAL_ACCENT_COLOR_NAME = AccentColor;
				ASSETCATALOG_COMPILER_INCLUDE_ALL_APPICON_ASSETS = NO;
				CODE_SIGN_ENTITLEMENTS = Vitasol/Vitasol.entitlements;
				CODE_SIGN_STYLE = Automatic;
				CURRENT_PROJECT_VERSION = 1;
				DEVELOPMENT_TEAM = YWTHA6AQ38;
				ENABLE_PREVIEWS = YES;
				GENERATE_INFOPLIST_FILE = YES;
				INFOPLIST_FILE = Vitasol/Info.plist;
				INFOPLIST_KEY_CFBundleDisplayName = Vitasol;
				INFOPLIST_KEY_LSApplicationCategoryType = "public.app-category.healthcare-fitness";
				INFOPLIST_KEY_NSHealthUpdateUsageDescription = "Para registrar tu tiempo de exposición al sol en Apple Salud.";
				INFOPLIST_KEY_NSLocationWhenInUseUsageDescription = "Para mostrarte el índice UV y el clima en tu zona.";
				INFOPLIST_KEY_NSSupportsLiveActivities = YES;
				INFOPLIST_KEY_UIApplicationSceneManifest_Generation = YES;
				INFOPLIST_KEY_UIApplicationSupportsIndirectInputEvents = YES;
				INFOPLIST_KEY_UILaunchScreen_Generation = YES;
				INFOPLIST_KEY_UISupportedInterfaceOrientations = UIInterfaceOrientationPortrait;
				INFOPLIST_KEY_UISupportedInterfaceOrientations_iPad = "UIInterfaceOrientationLandscapeLeft UIInterfaceOrientationLandscapeRight UIInterfaceOrientationPortrait UIInterfaceOrientationPortraitUpsideDown";
				IPHONEOS_DEPLOYMENT_TARGET = 26.0;
				LD_RUNPATH_SEARCH_PATHS = (
					"$(inherited)",
					"@executable_path/Frameworks",
				);
				MARKETING_VERSION = 1.0;
				PRODUCT_BUNDLE_IDENTIFIER = dev.jeatog.Vitasol;
				PRODUCT_NAME = "$(TARGET_NAME)";
				STRING_CATALOG_GENERATE_SYMBOLS = YES;
				SUPPORTED_PLATFORMS = "iphoneos iphonesimulator";
				SUPPORTS_MACCATALYST = NO;
				SUPPORTS_MAC_DESIGNED_FOR_IPHONE_IPAD = NO;
				SUPPORTS_XR_DESIGNED_FOR_IPHONE_IPAD = NO;
				SWIFT_APPROACHABLE_CONCURRENCY = YES;
				SWIFT_DEFAULT_ACTOR_ISOLATION = MainActor;
				SWIFT_EMIT_LOC_STRINGS = YES;
				SWIFT_UPCOMING_FEATURE_MEMBER_IMPORT_VISIBILITY = YES;
				SWIFT_VERSION = 5.0;
				TARGETED_DEVICE_FAMILY = 1;
			};
			name = Debug;
		};
		EC9280CE2F4629FB009C9914 /* Release */ = {
			isa = XCBuildConfiguration;
			buildSettings = {
				ASSETCATALOG_COMPILER_APPICON_NAME = AppIcon;
				ASSETCATALOG_COMPILER_GLOBAL_ACCENT_COLOR_NAME = AccentColor;
				ASSETCATALOG_COMPILER_INCLUDE_ALL_APPICON_ASSETS = NO;
				CODE_SIGN_ENTITLEMENTS = Vitasol/Vitasol.entitlements;
				CODE_SIGN_STYLE = Automatic;
				CURRENT_PROJECT_VERSION = 1;
				DEVELOPMENT_TEAM = YWTHA6AQ38;
				ENABLE_PREVIEWS = YES;
				GENERATE_INFOPLIST_FILE = YES;
				INFOPLIST_FILE = Vitasol/Info.plist;
				INFOPLIST_KEY_CFBundleDisplayName = Vitasol;
				INFOPLIST_KEY_LSApplicationCategoryType = "public.app-category.healthcare-fitness";
				INFOPLIST_KEY_NSHealthUpdateUsageDescription = "Para registrar tu tiempo de exposición al sol en Apple Salud.";
				INFOPLIST_KEY_NSLocationWhenInUseUsageDescription = "Para mostrarte el índice UV y el clima en tu zona.";
				INFOPLIST_KEY_NSSupportsLiveActivities = YES;
				INFOPLIST_KEY_UIApplicationSceneManifest_Generation = YES;
				INFOPLIST_KEY_UIApplicationSupportsIndirectInputEvents = YES;
				INFOPLIST_KEY_UILaunchScreen_Generation = YES;
				INFOPLIST_KEY_UISupportedInterfaceOrientations = UIInterfaceOrientationPortrait;
				INFOPLIST_KEY_UISupportedInterfaceOrientations_iPad = "UIInterfaceOrientationLandscapeLeft UIInterfaceOrientationLandscapeRight UIInterfaceOrientationPortrait UIInterfaceOrientationPortraitUpsideDown";
				IPHONEOS_DEPLOYMENT_TARGET = 26.0;
				LD_RUNPATH_SEARCH_PATHS = (
					"$(inherited)",
					"@executable_path/Frameworks",
				);
				MARKETING_VERSION = 1.0;
				PRODUCT_BUNDLE_IDENTIFIER = dev.jeatog.Vitasol;
				PRODUCT_NAME = "$(TARGET_NAME)";
				STRING_CATALOG_GENERATE_SYMBOLS = YES;
				SUPPORTED_PLATFORMS = "iphoneos iphonesimulator";
				SUPPORTS_MACCATALYST = NO;
				SUPPORTS_MAC_DESIGNED_FOR_IPHONE_IPAD = NO;
				SUPPORTS_XR_DESIGNED_FOR_IPHONE_IPAD = NO;
				SWIFT_APPROACHABLE_CONCURRENCY = YES;
				SWIFT_DEFAULT_ACTOR_ISOLATION = MainActor;
				SWIFT_EMIT_LOC_STRINGS = YES;
				SWIFT_UPCOMING_FEATURE_MEMBER_IMPORT_VISIBILITY = YES;
				SWIFT_VERSION = 5.0;
				TARGETED_DEVICE_FAMILY = 1;
			};
			name = Release;
		};
		EC92811A2F46A253009C9914 /* Debug */ = {
			isa = XCBuildConfiguration;
			buildSettings = {
				ASSETCATALOG_COMPILER_GLOBAL_ACCENT_COLOR_NAME = AccentColor;
				ASSETCATALOG_COMPILER_WIDGET_BACKGROUND_COLOR_NAME = WidgetBackground;
				CODE_SIGN_ENTITLEMENTS = VitasolWidgetsExtension.entitlements;
				CODE_SIGN_STYLE = Automatic;
				CURRENT_PROJECT_VERSION = 1;
				DEVELOPMENT_TEAM = YWTHA6AQ38;
				GENERATE_INFOPLIST_FILE = YES;
				INFOPLIST_FILE = VitasolWidgets/Info.plist;
				INFOPLIST_KEY_CFBundleDisplayName = VitasolWidgets;
				INFOPLIST_KEY_NSHumanReadableCopyright = "";
				LD_RUNPATH_SEARCH_PATHS = (
					"$(inherited)",
					"@executable_path/Frameworks",
					"@executable_path/../../Frameworks",
				);
				MARKETING_VERSION = 1.0;
				PRODUCT_BUNDLE_IDENTIFIER = dev.jeatog.Vitasol.VitasolWidgets;
				PRODUCT_NAME = "$(TARGET_NAME)";
				SKIP_INSTALL = YES;
				STRING_CATALOG_GENERATE_SYMBOLS = YES;
				SUPPORTED_PLATFORMS = "iphoneos iphonesimulator";
				SUPPORTS_MACCATALYST = NO;
				SUPPORTS_MAC_DESIGNED_FOR_IPHONE_IPAD = NO;
				SUPPORTS_XR_DESIGNED_FOR_IPHONE_IPAD = NO;
				SWIFT_APPROACHABLE_CONCURRENCY = YES;
				SWIFT_EMIT_LOC_STRINGS = YES;
				SWIFT_UPCOMING_FEATURE_MEMBER_IMPORT_VISIBILITY = YES;
				SWIFT_VERSION = 5.0;
				TARGETED_DEVICE_FAMILY = 1;
			};
			name = Debug;
		};
		EC92811B2F46A253009C9914 /* Release */ = {
			isa = XCBuildConfiguration;
			buildSettings = {
				ASSETCATALOG_COMPILER_GLOBAL_ACCENT_COLOR_NAME = AccentColor;
				ASSETCATALOG_COMPILER_WIDGET_BACKGROUND_COLOR_NAME = WidgetBackground;
				CODE_SIGN_ENTITLEMENTS = VitasolWidgetsExtension.entitlements;
				CODE_SIGN_STYLE = Automatic;
				CURRENT_PROJECT_VERSION = 1;
				DEVELOPMENT_TEAM = YWTHA6AQ38;
				GENERATE_INFOPLIST_FILE = YES;
				INFOPLIST_FILE = VitasolWidgets/Info.plist;
				INFOPLIST_KEY_CFBundleDisplayName = VitasolWidgets;
				INFOPLIST_KEY_NSHumanReadableCopyright = "";
				LD_RUNPATH_SEARCH_PATHS = (
					"$(inherited)",
					"@executable_path/Frameworks",
					"@executable_path/../../Frameworks",
				);
				MARKETING_VERSION = 1.0;
				PRODUCT_BUNDLE_IDENTIFIER = dev.jeatog.Vitasol.VitasolWidgets;
				PRODUCT_NAME = "$(TARGET_NAME)";
				SKIP_INSTALL = YES;
				STRING_CATALOG_GENERATE_SYMBOLS = YES;
				SUPPORTED_PLATFORMS = "iphoneos iphonesimulator";
				SUPPORTS_MACCATALYST = NO;
				SUPPORTS_MAC_DESIGNED_FOR_IPHONE_IPAD = NO;
				SUPPORTS_XR_DESIGNED_FOR_IPHONE_IPAD = NO;
				SWIFT_APPROACHABLE_CONCURRENCY = YES;
				SWIFT_EMIT_LOC_STRINGS = YES;
				SWIFT_UPCOMING_FEATURE_MEMBER_IMPORT_VISIBILITY = YES;
				SWIFT_VERSION = 5.0;
				TARGETED_DEVICE_FAMILY = 1;
			};
			name = Release;
		};
		ECAF6B142F6CFCAE00D51C92 /* Debug */ = {
			isa = XCBuildConfiguration;
			buildSettings = {
				BUNDLE_LOADER = "$(TEST_HOST)";
				CODE_SIGN_STYLE = Automatic;
				CURRENT_PROJECT_VERSION = 1;
				GENERATE_INFOPLIST_FILE = YES;
				MARKETING_VERSION = 1.0;
				PRODUCT_BUNDLE_IDENTIFIER = dev.jeatog.VitasolTests;
				PRODUCT_NAME = "$(TARGET_NAME)";
				STRING_CATALOG_GENERATE_SYMBOLS = NO;
				SWIFT_APPROACHABLE_CONCURRENCY = YES;
				SWIFT_EMIT_LOC_STRINGS = NO;
				SWIFT_UPCOMING_FEATURE_MEMBER_IMPORT_VISIBILITY = YES;
				SWIFT_VERSION = 5.0;
				TARGETED_DEVICE_FAMILY = "1,2";
				TEST_HOST = "$(BUILT_PRODUCTS_DIR)/Vitasol.app/$(BUNDLE_EXECUTABLE_FOLDER_PATH)/Vitasol";
			};
			name = Debug;
		};
		ECAF6B152F6CFCAE00D51C92 /* Release */ = {
			isa = XCBuildConfiguration;
			buildSettings = {
				BUNDLE_LOADER = "$(TEST_HOST)";
				CODE_SIGN_STYLE = Automatic;
				CURRENT_PROJECT_VERSION = 1;
				GENERATE_INFOPLIST_FILE = YES;
				MARKETING_VERSION = 1.0;
				PRODUCT_BUNDLE_IDENTIFIER = dev.jeatog.VitasolTests;
				PRODUCT_NAME = "$(TARGET_NAME)";
				STRING_CATALOG_GENERATE_SYMBOLS = NO;
				SWIFT_APPROACHABLE_CONCURRENCY = YES;
				SWIFT_EMIT_LOC_STRINGS = NO;
				SWIFT_UPCOMING_FEATURE_MEMBER_IMPORT_VISIBILITY = YES;
				SWIFT_VERSION = 5.0;
				TARGETED_DEVICE_FAMILY = "1,2";
				TEST_HOST = "$(BUILT_PRODUCTS_DIR)/Vitasol.app/$(BUNDLE_EXECUTABLE_FOLDER_PATH)/Vitasol";
			};
			name = Release;
		};
/* End XCBuildConfiguration section */

/* Begin XCConfigurationList section */
		EC9280BC2F4629F8009C9914 /* Build configuration list for PBXProject "Vitasol" */ = {
			isa = XCConfigurationList;
			buildConfigurations = (
				EC9280CA2F4629FB009C9914 /* Debug */,
				EC9280CB2F4629FB009C9914 /* Release */,
			);
			defaultConfigurationIsVisible = 0;
			defaultConfigurationName = Release;
		};
		EC9280CC2F4629FB009C9914 /* Build configuration list for PBXNativeTarget "Vitasol" */ = {
			isa = XCConfigurationList;
			buildConfigurations = (
				EC9280CD2F4629FB009C9914 /* Debug */,
				EC9280CE2F4629FB009C9914 /* Release */,
			);
			defaultConfigurationIsVisible = 0;
			defaultConfigurationName = Release;
		};
		EC9281192F46A253009C9914 /* Build configuration list for PBXNativeTarget "VitasolWidgetsExtension" */ = {
			isa = XCConfigurationList;
			buildConfigurations = (
				EC92811A2F46A253009C9914 /* Debug */,
				EC92811B2F46A253009C9914 /* Release */,
			);
			defaultConfigurationIsVisible = 0;
			defaultConfigurationName = Release;
		};
		ECAF6B162F6CFCAE00D51C92 /* Build configuration list for PBXNativeTarget "VitasolTests" */ = {
			isa = XCConfigurationList;
			buildConfigurations = (
				ECAF6B142F6CFCAE00D51C92 /* Debug */,
				ECAF6B152F6CFCAE00D51C92 /* Release */,
			);
			defaultConfigurationIsVisible = 0;
			defaultConfigurationName = Release;
		};
/* End XCConfigurationList section */
	};
	rootObject = EC9280B92F4629F8009C9914 /* Project object */;
}
